
Microsoft Visual Studio Solution File, Format Version 12.00
# Visual Studio Version 16
VisualStudioVersion = 16.0.810.13
MinimumVisualStudioVersion = 10.0.40219.1
Project("{FAE04EC0-301F-11D3-BF4B-00C04F79EFBC}") = "HotelBookingSystemApp", "HotelBookingSystemApp\HotelBookingSystemApp.csproj", "{B18D3B6A-E089-4C95-B5EA-D55199E7AD9D}"
EndProject
Global
	GlobalSection(SolutionConfigurationPlatforms) = preSolution
		Debug|Any CPU = Debug|Any CPU
		Release|Any CPU = Release|Any CPU
	EndGlobalSection
	GlobalSection(ProjectConfigurationPlatforms) = postSolution
		{B18D3B6A-E089-4C95-B5EA-D55199E7AD9D}.Debug|Any CPU.ActiveCfg = Debug|Any CPU
		{B18D3B6A-E089-4C95-B5EA-D55199E7AD9D}.Debug|Any CPU.Build.0 = Debug|Any CPU
		{B18D3B6A-E089-4C95-B5EA-D55199E7AD9D}.Release|Any CPU.ActiveCfg = Release|Any CPU
		{B18D3B6A-E089-4C95-B5EA-D55199E7AD9D}.Release|Any CPU.Build.0 = Release|Any CPU
	EndGlobalSection
	GlobalSection(SolutionProperties) = preSolution
		HideSolutionNode = FALSE
	EndGlobalSection
	GlobalSection(ExtensibilityGlobals) = postSolution
		SolutionGuid = {17C600E3-0ECA-4BF0-B598-114CB06C6018}
	EndGlobalSection
EndGlobal
